
Microsoft Visual Studio Solution File, Format Version 12.00
# Visual Studio Version 16
VisualStudioVersion = 16.0.30907.101
MinimumVisualStudioVersion = 10.0.40219.1
Project("{9A19103F-16F7-4668-BE54-9A1E7A4F7556}") = "TheTaleOfToastPlugin", "TheTaleOfToastPlugin.csproj", "{898D554B-CD79-4718-BFC5-22CA92757C01}"
EndProject
Global
	GlobalSection(SolutionConfigurationPlatforms) = preSolution
		Debug|Any CPU = Debug|Any CPU
		Release|Any CPU = Release|Any CPU
	EndGlobalSection
	GlobalSection(ProjectConfigurationPlatforms) = postSolution
		{898D554B-CD79-4718-BFC5-22CA92757C01}.Debug|Any CPU.ActiveCfg = Debug|Any CPU
		{898D554B-CD79-4718-BFC5-22CA92757C01}.Debug|Any CPU.Build.0 = Debug|Any CPU
		{898D554B-CD79-4718-BFC5-22CA92757C01}.Release|Any CPU.ActiveCfg = Release|Any CPU
		{898D554B-CD79-4718-BFC5-22CA92757C01}.Release|Any CPU.Build.0 = Release|Any CPU
	EndGlobalSection
	GlobalSection(SolutionProperties) = preSolution
		HideSolutionNode = FALSE
	EndGlobalSection
	GlobalSection(ExtensibilityGlobals) = postSolution
		SolutionGuid = {30DB6A9D-5CCF-42B5-84BD-195F9240E5C8}
	EndGlobalSection
EndGlobal
